{
  "name": "xixi-terminal",
  "version": "0.1.0",
  "lockfileVersion": 3,
  "requires": true,
  "packages": {
    "": {
      "name": "xixi-terminal",
      "version": "0.1.0",
      "dependencies": {
        "opusscript": "^0.1.1",
        "pinyin-pro": "^3.29.2",
        "sherpa-onnx-node": "^1.13.5"
      }
    },
    "node_modules/opusscript": {
      "version": "0.1.1",
      "resolved": "https://registry.npmjs.org/opusscript/-/opusscript-0.1.1.tgz",
      "integrity": "sha512-mL0fZZOUnXdZ78woRXp18lApwpp0lF5tozJOD1Wut0dgrA9WuQTgSels/CSmFleaAZrJi/nci5KOVtbuxeWoQA==",
      "license": "MIT"
    },
    "node_modules/pinyin-pro": {
      "version": "3.29.2",
      "resolved": "https://registry.npmjs.org/pinyin-pro/-/pinyin-pro-3.29.2.tgz",
      "integrity": "sha512-L2AemHDHVFIgr207HFdjiU+4i8Hu15kcHX0Ab5iZCWH0NDmX404tyCQ06kglotGpqOLXNst2NK/A2K8qdC301Q==",
      "license": "MIT"
    },
    "node_modules/sherpa-onnx-darwin-arm64": {
      "version": "1.13.5",
      "resolved": "https://registry.npmjs.org/sherpa-onnx-darwin-arm64/-/sherpa-onnx-darwin-arm64-1.13.5.tgz",
      "integrity": "sha512-weDBAV6da64j6PPYuuG1VYqHzmjthNFZmrFV9yyJ8YXxWrZvIe8kXXYvOIU2curODucvLObHosZU9kJ4uVwM3Q==",
      "cpu": [
        "arm64"
      ],
      "license": "Apache-2.0",
      "optional": true,
      "os": [
        "darwin"
      ]
    },
    "node_modules/sherpa-onnx-darwin-x64": {
      "version": "1.13.5",
      "resolved": "https://registry.npmjs.org/sherpa-onnx-darwin-x64/-/sherpa-onnx-darwin-x64-1.13.5.tgz",
      "integrity": "sha512-Ay//Bq4T3RHYhzdYk9O0ahg0UoEgbRMDGZvtpQi2D0oHOcXv0M5tP3OKlx4AvWNXYl0SL+rUObUFe5IIqROrfQ==",
      "cpu": [
        "x64"
      ],
      "license": "Apache-2.0",
      "optional": true,
      "os": [
        "darwin"
      ]
    },
    "node_modules/sherpa-onnx-linux-arm64": {
      "version": "1.13.5",
      "resolved": "https://registry.npmjs.org/sherpa-onnx-linux-arm64/-/sherpa-onnx-linux-arm64-1.13.5.tgz",
      "integrity": "sha512-1Jpkyv+Sg7wl+jCOlttcudVpVdlCNPXMf/RYT4+FU4/VmoMIx9MZbcSu2Nf8gtKq3mnYdkk7HtCK5AA3Dtuvwg==",
      "cpu": [
        "arm64"
      ],
      "license": "Apache-2.0",
      "optional": true,
      "os": [
        "linux"
      ]
    },
    "node_modules/sherpa-onnx-linux-x64": {
      "version": "1.13.5",
      "resolved": "https://registry.npmjs.org/sherpa-onnx-linux-x64/-/sherpa-onnx-linux-x64-1.13.5.tgz",
      "integrity": "sha512-eedC/AMCL2cvwhtPnmRlLHKXuwBmD7o2r+Kb+I0krg4PlQejR9y6O1oKqdLko5vFaWe2A8/rQORKGXE+We3y4Q==",
      "cpu": [
        "x64"
      ],
      "license": "Apache-2.0",
      "optional": true,
      "os": [
        "linux"
      ]
    },
    "node_modules/sherpa-onnx-node": {
      "version": "1.13.5",
      "resolved": "https://registry.npmjs.org/sherpa-onnx-node/-/sherpa-onnx-node-1.13.5.tgz",
      "integrity": "sha512-ECkDTszTbHd4wzhVMnUXeGJN9dmkTGdbrjEvjTr/bNseJZ4vMre6VkFUREsrSaSCVZDUiBeICPTJPG3/f2kwSA==",
      "license": "Apache-2.0",
      "optionalDependencies": {
        "sherpa-onnx-darwin-arm64": "^1.13.5",
        "sherpa-onnx-darwin-x64": "^1.13.5",
        "sherpa-onnx-linux-arm64": "^1.13.5",
        "sherpa-onnx-linux-x64": "^1.13.5",
        "sherpa-onnx-win-ia32": "^1.13.5",
        "sherpa-onnx-win-x64": "^1.13.5"
      }
    },
    "node_modules/sherpa-onnx-win-ia32": {
      "version": "1.13.5",
      "resolved": "https://registry.npmjs.org/sherpa-onnx-win-ia32/-/sherpa-onnx-win-ia32-1.13.5.tgz",
      "integrity": "sha512-aQKTmzsvNyCMOoAs+Clx8Zsp05JSX37hVpts/yiO3+mUTXnbBIMAL3YgG49apz6JN/l/HCJBaEczXj3odOgS8A==",
      "cpu": [
        "ia32"
      ],
      "license": "Apache-2.0",
      "optional": true,
      "os": [
        "win32"
      ]
    },
    "node_modules/sherpa-onnx-win-x64": {
      "version": "1.13.5",
      "resolved": "https://registry.npmjs.org/sherpa-onnx-win-x64/-/sherpa-onnx-win-x64-1.13.5.tgz",
      "integrity": "sha512-r1lKWEbFDquVjiij72nhNpmPBeqG7V06ZGx1uL2zWXFCYXmkpqawN5iHdkugVhb8QfYZ8x2tx88eYGHGMn88aA==",
      "cpu": [
        "x64"
      ],
      "license": "Apache-2.0",
      "optional": true,
      "os": [
        "win32"
      ]
    }
  }
}
